
Microsoft Visual Studio Solution File, Format Version 12.00
# Visual Studio 15
VisualStudioVersion = 15.0.26228.4
MinimumVisualStudioVersion = 10.0.40219.1
Project("{FAE04EC0-301F-11D3-BF4B-00C04F79EFBC}") = "Mechanix.Domain", "src\Mechanix.Domain\Mechanix.Domain.csproj", "{B26A53E0-1D25-4C4C-8A1C-8A882401B3F7}"
EndProject
Project("{2150E333-8FDC-42A3-9474-1A3956D46DE8}") = "1.Domain", "1.Domain", "{6FDE7A78-1E7F-4E5D-B3E9-42916D936BE0}"
EndProject
Project("{2150E333-8FDC-42A3-9474-1A3956D46DE8}") = "5.Web", "5.Web", "{ED91C660-88D6-4AC5-8341-2EDAD2A29C6E}"
EndProject
Project("{2150E333-8FDC-42A3-9474-1A3956D46DE8}") = "4.Workflow", "4.Workflow", "{444C9F27-142D-4827-81F2-73C64E19E86D}"
EndProject
Project("{FAE04EC0-301F-11D3-BF4B-00C04F79EFBC}") = "Mechanix.Workflow", "src\Mechanix.Workflow\Mechanix.Workflow.csproj", "{F933AF5D-4AA8-4128-A0D7-246143571DD5}"
EndProject
Project("{2150E333-8FDC-42A3-9474-1A3956D46DE8}") = "2.DataAccess", "2.DataAccess", "{3D9B812D-1EB3-4683-8611-D567A1E48D50}"
EndProject
Project("{2150E333-8FDC-42A3-9474-1A3956D46DE8}") = "3.Data", "3.Data", "{DD111A17-D28C-49B4-A6F0-7CC87A094F14}"
EndProject
Project("{FAE04EC0-301F-11D3-BF4B-00C04F79EFBC}") = "Mechanix.Repository", "src\Mechanix.Repository\Mechanix.Repository.csproj", "{4662B650-AFF4-43F4-8CCD-411F2AE722E8}"
EndProject
Project("{FAE04EC0-301F-11D3-BF4B-00C04F79EFBC}") = "Mechanix.Data.Entity", "src\Mechanix.Data.Entity\Mechanix.Data.Entity.csproj", "{A2E2828B-9A24-4A01-8360-905DCBC22153}"
EndProject
Project("{FAE04EC0-301F-11D3-BF4B-00C04F79EFBC}") = "Mechanix.Web", "src\Mechanix.Web\Mechanix.Web.csproj", "{C3B03C8A-9A76-4306-AA50-EEBBE613C36F}"
EndProject
Project("{2150E333-8FDC-42A3-9474-1A3956D46DE8}") = "0.Common", "0.Common", "{0EC64D80-3A33-4488-8C17-D1E71D8D7779}"
EndProject
Project("{FAE04EC0-301F-11D3-BF4B-00C04F79EFBC}") = "Mechanix.Common", "src\Mechanix.Common\Mechanix.Common.csproj", "{A877F449-89DB-4863-A851-F4D8828AB734}"
EndProject
Global
	GlobalSection(SolutionConfigurationPlatforms) = preSolution
		Debug|Any CPU = Debug|Any CPU
		Release|Any CPU = Release|Any CPU
	EndGlobalSection
	GlobalSection(ProjectConfigurationPlatforms) = postSolution
		{B26A53E0-1D25-4C4C-8A1C-8A882401B3F7}.Debug|Any CPU.ActiveCfg = Debug|Any CPU
		{B26A53E0-1D25-4C4C-8A1C-8A882401B3F7}.Debug|Any CPU.Build.0 = Debug|Any CPU
		{B26A53E0-1D25-4C4C-8A1C-8A882401B3F7}.Release|Any CPU.ActiveCfg = Release|Any CPU
		{B26A53E0-1D25-4C4C-8A1C-8A882401B3F7}.Release|Any CPU.Build.0 = Release|Any CPU
		{F933AF5D-4AA8-4128-A0D7-246143571DD5}.Debug|Any CPU.ActiveCfg = Debug|Any CPU
		{F933AF5D-4AA8-4128-A0D7-246143571DD5}.Debug|Any CPU.Build.0 = Debug|Any CPU
		{F933AF5D-4AA8-4128-A0D7-246143571DD5}.Release|Any CPU.ActiveCfg = Release|Any CPU
		{F933AF5D-4AA8-4128-A0D7-246143571DD5}.Release|Any CPU.Build.0 = Release|Any CPU
		{4662B650-AFF4-43F4-8CCD-411F2AE722E8}.Debug|Any CPU.ActiveCfg = Debug|Any CPU
		{4662B650-AFF4-43F4-8CCD-411F2AE722E8}.Debug|Any CPU.Build.0 = Debug|Any CPU
		{4662B650-AFF4-43F4-8CCD-411F2AE722E8}.Release|Any CPU.ActiveCfg = Release|Any CPU
		{4662B650-AFF4-43F4-8CCD-411F2AE722E8}.Release|Any CPU.Build.0 = Release|Any CPU
		{A2E2828B-9A24-4A01-8360-905DCBC22153}.Debug|Any CPU.ActiveCfg = Debug|Any CPU
		{A2E2828B-9A24-4A01-8360-905DCBC22153}.Debug|Any CPU.Build.0 = Debug|Any CPU
		{A2E2828B-9A24-4A01-8360-905DCBC22153}.Release|Any CPU.ActiveCfg = Release|Any CPU
		{A2E2828B-9A24-4A01-8360-905DCBC22153}.Release|Any CPU.Build.0 = Release|Any CPU
		{C3B03C8A-9A76-4306-AA50-EEBBE613C36F}.Debug|Any CPU.ActiveCfg = Debug|Any CPU
		{C3B03C8A-9A76-4306-AA50-EEBBE613C36F}.Debug|Any CPU.Build.0 = Debug|Any CPU
		{C3B03C8A-9A76-4306-AA50-EEBBE613C36F}.Release|Any CPU.ActiveCfg = Release|Any CPU
		{C3B03C8A-9A76-4306-AA50-EEBBE613C36F}.Release|Any CPU.Build.0 = Release|Any CPU
		{A877F449-89DB-4863-A851-F4D8828AB734}.Debug|Any CPU.ActiveCfg = Debug|Any CPU
		{A877F449-89DB-4863-A851-F4D8828AB734}.Debug|Any CPU.Build.0 = Debug|Any CPU
		{A877F449-89DB-4863-A851-F4D8828AB734}.Release|Any CPU.ActiveCfg = Release|Any CPU
		{A877F449-89DB-4863-A851-F4D8828AB734}.Release|Any CPU.Build.0 = Release|Any CPU
	EndGlobalSection
	GlobalSection(SolutionProperties) = preSolution
		HideSolutionNode = FALSE
	EndGlobalSection
	GlobalSection(NestedProjects) = preSolution
		{B26A53E0-1D25-4C4C-8A1C-8A882401B3F7} = {6FDE7A78-1E7F-4E5D-B3E9-42916D936BE0}
		{F933AF5D-4AA8-4128-A0D7-246143571DD5} = {444C9F27-142D-4827-81F2-73C64E19E86D}
		{4662B650-AFF4-43F4-8CCD-411F2AE722E8} = {DD111A17-D28C-49B4-A6F0-7CC87A094F14}
		{A2E2828B-9A24-4A01-8360-905DCBC22153} = {3D9B812D-1EB3-4683-8611-D567A1E48D50}
		{C3B03C8A-9A76-4306-AA50-EEBBE613C36F} = {ED91C660-88D6-4AC5-8341-2EDAD2A29C6E}
		{A877F449-89DB-4863-A851-F4D8828AB734} = {0EC64D80-3A33-4488-8C17-D1E71D8D7779}
	EndGlobalSection
EndGlobal
